
Microsoft Visual Studio Solution File, Format Version 12.00
# Visual Studio Version 17
VisualStudioVersion = 17.9.34723.18
MinimumVisualStudioVersion = 10.0.40219.1
Project("{888888A0-9F3D-457C-B088-3A5042F75D52}") = "Cats and Dogs", "Cats and Dogs.pyproj", "{669C92F2-3F07-4EE3-A1A7-11934C43B5CE}"
EndProject
Global
	GlobalSection(SolutionConfigurationPlatforms) = preSolution
		Debug|Any CPU = Debug|Any CPU
		Release|Any CPU = Release|Any CPU
	EndGlobalSection
	GlobalSection(ProjectConfigurationPlatforms) = postSolution
		{669C92F2-3F07-4EE3-A1A7-11934C43B5CE}.Debug|Any CPU.ActiveCfg = Debug|Any CPU
		{669C92F2-3F07-4EE3-A1A7-11934C43B5CE}.Release|Any CPU.ActiveCfg = Release|Any CPU
	EndGlobalSection
	GlobalSection(SolutionProperties) = preSolution
		HideSolutionNode = FALSE
	EndGlobalSection
	GlobalSection(ExtensibilityGlobals) = postSolution
		SolutionGuid = {61162427-7AE0-4317-866C-7482987705CA}
	EndGlobalSection
EndGlobal
