
Microsoft Visual Studio Solution File, Format Version 12.00
# Visual Studio Version 17
VisualStudioVersion = 17.9.34723.18
MinimumVisualStudioVersion = 10.0.40219.1
Project("{888888A0-9F3D-457C-B088-3A5042F75D52}") = "Classes_9-8", "Classes_9-8.pyproj", "{06771676-B7FF-4A10-8CEB-C318F2F7EFCB}"
EndProject
Global
	GlobalSection(SolutionConfigurationPlatforms) = preSolution
		Debug|Any CPU = Debug|Any CPU
		Release|Any CPU = Release|Any CPU
	EndGlobalSection
	GlobalSection(ProjectConfigurationPlatforms) = postSolution
		{06771676-B7FF-4A10-8CEB-C318F2F7EFCB}.Debug|Any CPU.ActiveCfg = Debug|Any CPU
		{06771676-B7FF-4A10-8CEB-C318F2F7EFCB}.Release|Any CPU.ActiveCfg = Release|Any CPU
	EndGlobalSection
	GlobalSection(SolutionProperties) = preSolution
		HideSolutionNode = FALSE
	EndGlobalSection
	GlobalSection(ExtensibilityGlobals) = postSolution
		SolutionGuid = {79AD844B-48BB-4D29-AD90-1069DBE39575}
	EndGlobalSection
EndGlobal
