
Microsoft Visual Studio Solution File, Format Version 12.00
# Visual Studio Version 17
VisualStudioVersion = 17.9.34723.18
MinimumVisualStudioVersion = 10.0.40219.1
Project("{888888A0-9F3D-457C-B088-3A5042F75D52}") = "Lottery Analysis", "Lottery Analysis.pyproj", "{DC5EB56E-846B-451E-A4CB-68B8AA81225D}"
EndProject
Global
	GlobalSection(SolutionConfigurationPlatforms) = preSolution
		Debug|Any CPU = Debug|Any CPU
		Release|Any CPU = Release|Any CPU
	EndGlobalSection
	GlobalSection(ProjectConfigurationPlatforms) = postSolution
		{DC5EB56E-846B-451E-A4CB-68B8AA81225D}.Debug|Any CPU.ActiveCfg = Debug|Any CPU
		{DC5EB56E-846B-451E-A4CB-68B8AA81225D}.Release|Any CPU.ActiveCfg = Release|Any CPU
	EndGlobalSection
	GlobalSection(SolutionProperties) = preSolution
		HideSolutionNode = FALSE
	EndGlobalSection
	GlobalSection(ExtensibilityGlobals) = postSolution
		SolutionGuid = {C468584D-00C2-4B05-90E9-4361CA02555A}
	EndGlobalSection
EndGlobal
