
Microsoft Visual Studio Solution File, Format Version 12.00
# Visual Studio Version 17
VisualStudioVersion = 17.9.34723.18
MinimumVisualStudioVersion = 10.0.40219.1
Project("{888888A0-9F3D-457C-B088-3A5042F75D52}") = "survey", "survey.pyproj", "{D1415993-26AD-40B6-85D4-31E0C553E3CE}"
EndProject
Global
	GlobalSection(SolutionConfigurationPlatforms) = preSolution
		Debug|Any CPU = Debug|Any CPU
		Release|Any CPU = Release|Any CPU
	EndGlobalSection
	GlobalSection(ProjectConfigurationPlatforms) = postSolution
		{D1415993-26AD-40B6-85D4-31E0C553E3CE}.Debug|Any CPU.ActiveCfg = Debug|Any CPU
		{D1415993-26AD-40B6-85D4-31E0C553E3CE}.Release|Any CPU.ActiveCfg = Release|Any CPU
	EndGlobalSection
	GlobalSection(SolutionProperties) = preSolution
		HideSolutionNode = FALSE
	EndGlobalSection
	GlobalSection(ExtensibilityGlobals) = postSolution
		SolutionGuid = {BECA24A9-5B70-4161-8866-16859E5E2A81}
	EndGlobalSection
EndGlobal
