
Microsoft Visual Studio Solution File, Format Version 12.00
# Visual Studio Version 17
VisualStudioVersion = 17.9.34723.18
MinimumVisualStudioVersion = 10.0.40219.1
Project("{888888A0-9F3D-457C-B088-3A5042F75D52}") = "User Dictionary", "User Dictionary.pyproj", "{28CB80FD-7EF3-46AB-9059-561E97982F29}"
EndProject
Global
	GlobalSection(SolutionConfigurationPlatforms) = preSolution
		Debug|Any CPU = Debug|Any CPU
		Release|Any CPU = Release|Any CPU
	EndGlobalSection
	GlobalSection(ProjectConfigurationPlatforms) = postSolution
		{28CB80FD-7EF3-46AB-9059-561E97982F29}.Debug|Any CPU.ActiveCfg = Debug|Any CPU
		{28CB80FD-7EF3-46AB-9059-561E97982F29}.Release|Any CPU.ActiveCfg = Release|Any CPU
	EndGlobalSection
	GlobalSection(SolutionProperties) = preSolution
		HideSolutionNode = FALSE
	EndGlobalSection
	GlobalSection(ExtensibilityGlobals) = postSolution
		SolutionGuid = {41969CDC-800F-4093-9217-C8463614E406}
	EndGlobalSection
EndGlobal
