
Microsoft Visual Studio Solution File, Format Version 12.00
# Visual Studio Version 17
VisualStudioVersion = 17.9.34723.18
MinimumVisualStudioVersion = 10.0.40219.1
Project("{888888A0-9F3D-457C-B088-3A5042F75D52}") = "pi_birthday", "pi_birthday.pyproj", "{BE6AA94F-F057-4986-BB00-7ECF9EF4240C}"
EndProject
Global
	GlobalSection(SolutionConfigurationPlatforms) = preSolution
		Debug|Any CPU = Debug|Any CPU
		Release|Any CPU = Release|Any CPU
	EndGlobalSection
	GlobalSection(ProjectConfigurationPlatforms) = postSolution
		{BE6AA94F-F057-4986-BB00-7ECF9EF4240C}.Debug|Any CPU.ActiveCfg = Debug|Any CPU
		{BE6AA94F-F057-4986-BB00-7ECF9EF4240C}.Release|Any CPU.ActiveCfg = Release|Any CPU
	EndGlobalSection
	GlobalSection(SolutionProperties) = preSolution
		HideSolutionNode = FALSE
	EndGlobalSection
	GlobalSection(ExtensibilityGlobals) = postSolution
		SolutionGuid = {C62CC00C-8CC6-46EE-A981-BF6AA6285828}
	EndGlobalSection
EndGlobal
