
Microsoft Visual Studio Solution File, Format Version 12.00
# Visual Studio Version 17
VisualStudioVersion = 17.9.34723.18
MinimumVisualStudioVersion = 10.0.40219.1
Project("{888888A0-9F3D-457C-B088-3A5042F75D52}") = "learning python", "learning python.pyproj", "{2D2108F0-9284-4711-8FAA-CC11303AC7D9}"
EndProject
Global
	GlobalSection(SolutionConfigurationPlatforms) = preSolution
		Debug|Any CPU = Debug|Any CPU
		Release|Any CPU = Release|Any CPU
	EndGlobalSection
	GlobalSection(ProjectConfigurationPlatforms) = postSolution
		{2D2108F0-9284-4711-8FAA-CC11303AC7D9}.Debug|Any CPU.ActiveCfg = Debug|Any CPU
		{2D2108F0-9284-4711-8FAA-CC11303AC7D9}.Release|Any CPU.ActiveCfg = Release|Any CPU
	EndGlobalSection
	GlobalSection(SolutionProperties) = preSolution
		HideSolutionNode = FALSE
	EndGlobalSection
	GlobalSection(ExtensibilityGlobals) = postSolution
		SolutionGuid = {511FD8F5-1541-46D8-ABF2-3B5E76334CB0}
	EndGlobalSection
EndGlobal
