
Microsoft Visual Studio Solution File, Format Version 12.00
# Visual Studio Version 17
VisualStudioVersion = 17.9.34723.18
MinimumVisualStudioVersion = 10.0.40219.1
Project("{888888A0-9F3D-457C-B088-3A5042F75D52}") = "Classes_9-5", "Classes_9-5.pyproj", "{C9B8DBB7-6BC3-4874-A1D8-FA0157D30E40}"
EndProject
Global
	GlobalSection(SolutionConfigurationPlatforms) = preSolution
		Debug|Any CPU = Debug|Any CPU
		Release|Any CPU = Release|Any CPU
	EndGlobalSection
	GlobalSection(ProjectConfigurationPlatforms) = postSolution
		{C9B8DBB7-6BC3-4874-A1D8-FA0157D30E40}.Debug|Any CPU.ActiveCfg = Debug|Any CPU
		{C9B8DBB7-6BC3-4874-A1D8-FA0157D30E40}.Release|Any CPU.ActiveCfg = Release|Any CPU
	EndGlobalSection
	GlobalSection(SolutionProperties) = preSolution
		HideSolutionNode = FALSE
	EndGlobalSection
	GlobalSection(ExtensibilityGlobals) = postSolution
		SolutionGuid = {5B04E102-29F1-4D8D-9517-75A5B8C2983F}
	EndGlobalSection
EndGlobal
