
Microsoft Visual Studio Solution File, Format Version 12.00
# Visual Studio Version 17
VisualStudioVersion = 17.9.34723.18
MinimumVisualStudioVersion = 10.0.40219.1
Project("{888888A0-9F3D-457C-B088-3A5042F75D52}") = "greet_user", "greet_user.pyproj", "{11527BF2-7045-42B6-97A9-B95DF981415D}"
EndProject
Global
	GlobalSection(SolutionConfigurationPlatforms) = preSolution
		Debug|Any CPU = Debug|Any CPU
		Release|Any CPU = Release|Any CPU
	EndGlobalSection
	GlobalSection(ProjectConfigurationPlatforms) = postSolution
		{11527BF2-7045-42B6-97A9-B95DF981415D}.Debug|Any CPU.ActiveCfg = Debug|Any CPU
		{11527BF2-7045-42B6-97A9-B95DF981415D}.Release|Any CPU.ActiveCfg = Release|Any CPU
	EndGlobalSection
	GlobalSection(SolutionProperties) = preSolution
		HideSolutionNode = FALSE
	EndGlobalSection
	GlobalSection(ExtensibilityGlobals) = postSolution
		SolutionGuid = {FC307B90-9A6D-4251-A778-4CAFAADD5C39}
	EndGlobalSection
EndGlobal
