
Microsoft Visual Studio Solution File, Format Version 12.00
# Visual Studio Version 17
VisualStudioVersion = 17.9.34723.18
MinimumVisualStudioVersion = 10.0.40219.1
Project("{888888A0-9F3D-457C-B088-3A5042F75D52}") = "Favorite_numbers", "Favorite_numbers.pyproj", "{519D124B-F3C5-4ABA-855C-57A6895D6756}"
EndProject
Global
	GlobalSection(SolutionConfigurationPlatforms) = preSolution
		Debug|Any CPU = Debug|Any CPU
		Release|Any CPU = Release|Any CPU
	EndGlobalSection
	GlobalSection(ProjectConfigurationPlatforms) = postSolution
		{519D124B-F3C5-4ABA-855C-57A6895D6756}.Debug|Any CPU.ActiveCfg = Debug|Any CPU
		{519D124B-F3C5-4ABA-855C-57A6895D6756}.Release|Any CPU.ActiveCfg = Release|Any CPU
	EndGlobalSection
	GlobalSection(SolutionProperties) = preSolution
		HideSolutionNode = FALSE
	EndGlobalSection
	GlobalSection(ExtensibilityGlobals) = postSolution
		SolutionGuid = {1849ED3C-187E-41A6-9387-2EA45D2726D2}
	EndGlobalSection
EndGlobal
