
Microsoft Visual Studio Solution File, Format Version 12.00
# Visual Studio Version 17
VisualStudioVersion = 17.9.34723.18
MinimumVisualStudioVersion = 10.0.40219.1
Project("{888888A0-9F3D-457C-B088-3A5042F75D52}") = "City, Country", "City, Country.pyproj", "{1F5494D6-1554-4782-BB9F-EA274E89DFC0}"
EndProject
Global
	GlobalSection(SolutionConfigurationPlatforms) = preSolution
		Debug|Any CPU = Debug|Any CPU
		Release|Any CPU = Release|Any CPU
	EndGlobalSection
	GlobalSection(ProjectConfigurationPlatforms) = postSolution
		{1F5494D6-1554-4782-BB9F-EA274E89DFC0}.Debug|Any CPU.ActiveCfg = Debug|Any CPU
		{1F5494D6-1554-4782-BB9F-EA274E89DFC0}.Release|Any CPU.ActiveCfg = Release|Any CPU
	EndGlobalSection
	GlobalSection(SolutionProperties) = preSolution
		HideSolutionNode = FALSE
	EndGlobalSection
	GlobalSection(ExtensibilityGlobals) = postSolution
		SolutionGuid = {DBD03B89-5B30-4FA3-9795-124B4E4B3930}
	EndGlobalSection
EndGlobal
